
Microsoft Visual Studio Solution File, Format Version 12.00
# Visual Studio Version 17
VisualStudioVersion = 17.3.32929.385
MinimumVisualStudioVersion = 10.0.40219.1
Project("{9A19103F-16F7-4668-BE54-9A1E7A4F7556}") = "J_Web", "J_Web.csproj", "{239F21F3-F39B-4E88-8142-5A7E11774B9A}"
EndProject
Project("{FAE04EC0-301F-11D3-BF4B-00C04F79EFBC}") = "TestReact", "..\TestReact\TestReact.csproj", "{4740D2D6-A1FD-478F-95D1-89C8E57AAC86}"
EndProject
Project("{FAE04EC0-301F-11D3-BF4B-00C04F79EFBC}") = "TestReactJS", "..\TestReactJS\TestReactJS.csproj", "{4A13258F-DC97-4A18-8E79-B10A105B1216}"
EndProject
Global
	GlobalSection(SolutionConfigurationPlatforms) = preSolution
		Debug|Any CPU = Debug|Any CPU
		Release|Any CPU = Release|Any CPU
	EndGlobalSection
	GlobalSection(ProjectConfigurationPlatforms) = postSolution
		{239F21F3-F39B-4E88-8142-5A7E11774B9A}.Debug|Any CPU.ActiveCfg = Debug|Any CPU
		{239F21F3-F39B-4E88-8142-5A7E11774B9A}.Debug|Any CPU.Build.0 = Debug|Any CPU
		{239F21F3-F39B-4E88-8142-5A7E11774B9A}.Release|Any CPU.ActiveCfg = Release|Any CPU
		{239F21F3-F39B-4E88-8142-5A7E11774B9A}.Release|Any CPU.Build.0 = Release|Any CPU
		{4740D2D6-A1FD-478F-95D1-89C8E57AAC86}.Debug|Any CPU.ActiveCfg = Debug|Any CPU
		{4740D2D6-A1FD-478F-95D1-89C8E57AAC86}.Debug|Any CPU.Build.0 = Debug|Any CPU
		{4740D2D6-A1FD-478F-95D1-89C8E57AAC86}.Release|Any CPU.ActiveCfg = Release|Any CPU
		{4740D2D6-A1FD-478F-95D1-89C8E57AAC86}.Release|Any CPU.Build.0 = Release|Any CPU
		{4A13258F-DC97-4A18-8E79-B10A105B1216}.Debug|Any CPU.ActiveCfg = Debug|Any CPU
		{4A13258F-DC97-4A18-8E79-B10A105B1216}.Debug|Any CPU.Build.0 = Debug|Any CPU
		{4A13258F-DC97-4A18-8E79-B10A105B1216}.Release|Any CPU.ActiveCfg = Release|Any CPU
		{4A13258F-DC97-4A18-8E79-B10A105B1216}.Release|Any CPU.Build.0 = Release|Any CPU
	EndGlobalSection
	GlobalSection(SolutionProperties) = preSolution
		HideSolutionNode = FALSE
	EndGlobalSection
	GlobalSection(ExtensibilityGlobals) = postSolution
		SolutionGuid = {66EA8E37-DE66-46D6-B782-832063BF8B6B}
	EndGlobalSection
EndGlobal
